
Microsoft Visual Studio Solution File, Format Version 12.00
# Visual Studio 14
VisualStudioVersion = 14.0.25420.1
MinimumVisualStudioVersion = 10.0.40219.1
Project("{FAE04EC0-301F-11D3-BF4B-00C04F79EFBC}") = "FoodDiary_Backend", "FoodDiary_Backend\FoodDiary_Backend.csproj", "{A280899F-4BCF-4895-B58D-D5468F8C4036}"
EndProject
Project("{FAE04EC0-301F-11D3-BF4B-00C04F79EFBC}") = "FoodDiary_Frontend", "FoodDiary_Frontend\MaterialDesign\FoodDiary_Frontend.csproj", "{8E01899A-AA60-4690-8AB4-9DC833A1816D}"
EndProject
Project("{00D1A9C2-B5F0-4AF3-8072-F6C62B433612}") = "FoodDiary_Database", "FoodDiary_Database\FoodDiary_Database.sqlproj", "{572DE1D7-AFD0-473B-9CA3-25517D1F939D}"
EndProject
Global
	GlobalSection(SolutionConfigurationPlatforms) = preSolution
		Debug|Any CPU = Debug|Any CPU
		Release|Any CPU = Release|Any CPU
	EndGlobalSection
	GlobalSection(ProjectConfigurationPlatforms) = postSolution
		{A280899F-4BCF-4895-B58D-D5468F8C4036}.Debug|Any CPU.ActiveCfg = Debug|Any CPU
		{A280899F-4BCF-4895-B58D-D5468F8C4036}.Debug|Any CPU.Build.0 = Debug|Any CPU
		{A280899F-4BCF-4895-B58D-D5468F8C4036}.Release|Any CPU.ActiveCfg = Release|Any CPU
		{A280899F-4BCF-4895-B58D-D5468F8C4036}.Release|Any CPU.Build.0 = Release|Any CPU
		{8E01899A-AA60-4690-8AB4-9DC833A1816D}.Debug|Any CPU.ActiveCfg = Debug|Any CPU
		{8E01899A-AA60-4690-8AB4-9DC833A1816D}.Debug|Any CPU.Build.0 = Debug|Any CPU
		{8E01899A-AA60-4690-8AB4-9DC833A1816D}.Release|Any CPU.ActiveCfg = Release|Any CPU
		{8E01899A-AA60-4690-8AB4-9DC833A1816D}.Release|Any CPU.Build.0 = Release|Any CPU
		{572DE1D7-AFD0-473B-9CA3-25517D1F939D}.Debug|Any CPU.ActiveCfg = Debug|Any CPU
		{572DE1D7-AFD0-473B-9CA3-25517D1F939D}.Debug|Any CPU.Build.0 = Debug|Any CPU
		{572DE1D7-AFD0-473B-9CA3-25517D1F939D}.Debug|Any CPU.Deploy.0 = Debug|Any CPU
		{572DE1D7-AFD0-473B-9CA3-25517D1F939D}.Release|Any CPU.ActiveCfg = Release|Any CPU
		{572DE1D7-AFD0-473B-9CA3-25517D1F939D}.Release|Any CPU.Build.0 = Release|Any CPU
		{572DE1D7-AFD0-473B-9CA3-25517D1F939D}.Release|Any CPU.Deploy.0 = Release|Any CPU
	EndGlobalSection
	GlobalSection(SolutionProperties) = preSolution
		HideSolutionNode = FALSE
	EndGlobalSection
EndGlobal
